
Microsoft Visual Studio Solution File, Format Version 12.00
# Visual Studio 14
VisualStudioVersion = 14.0.24720.0
MinimumVisualStudioVersion = 10.0.40219.1
Project("{FAE04EC0-301F-11D3-BF4B-00C04F79EFBC}") = "IIO11300HT_Siloaho", "IIO11300HT_Siloaho\IIO11300HT_Siloaho.csproj", "{24795898-B283-4B97-BC51-D57A01BC75E4}"
EndProject
Global
	GlobalSection(SolutionConfigurationPlatforms) = preSolution
		Debug|Any CPU = Debug|Any CPU
		Release|Any CPU = Release|Any CPU
	EndGlobalSection
	GlobalSection(ProjectConfigurationPlatforms) = postSolution
		{24795898-B283-4B97-BC51-D57A01BC75E4}.Debug|Any CPU.ActiveCfg = Debug|Any CPU
		{24795898-B283-4B97-BC51-D57A01BC75E4}.Debug|Any CPU.Build.0 = Debug|Any CPU
		{24795898-B283-4B97-BC51-D57A01BC75E4}.Release|Any CPU.ActiveCfg = Release|Any CPU
		{24795898-B283-4B97-BC51-D57A01BC75E4}.Release|Any CPU.Build.0 = Release|Any CPU
	EndGlobalSection
	GlobalSection(SolutionProperties) = preSolution
		HideSolutionNode = FALSE
	EndGlobalSection
EndGlobal
