
Microsoft Visual Studio Solution File, Format Version 12.00
# Visual Studio 14
VisualStudioVersion = 14.0.24720.0
MinimumVisualStudioVersion = 10.0.40219.1
Project("{FAE04EC0-301F-11D3-BF4B-00C04F79EFBC}") = "Tehtava1", "Tehtava1\Tehtava1.csproj", "{BBFDB3F8-2232-4C51-A154-1DFFF2E75FE7}"
EndProject
Project("{FAE04EC0-301F-11D3-BF4B-00C04F79EFBC}") = "Harjoitus1-MediaPlayer", "Harjoitus1-MediaPlayer\Harjoitus1-MediaPlayer.csproj", "{762E17D3-9B14-43F4-B16E-717AC814704E}"
EndProject
Project("{FAE04EC0-301F-11D3-BF4B-00C04F79EFBC}") = "Tehtava2", "Tehtava2\Tehtava2.csproj", "{A0FF08A0-D40E-4650-9866-8559C9E6DB35}"
EndProject
Project("{FAE04EC0-301F-11D3-BF4B-00C04F79EFBC}") = "Harjoitus3-MittausData", "Harjoitus3-MittausData\Harjoitus3-MittausData.csproj", "{C7D3F3D7-F835-4678-BA07-FA5D3E561334}"
EndProject
Project("{FAE04EC0-301F-11D3-BF4B-00C04F79EFBC}") = "Tehtava3", "Tehtava3\Tehtava3.csproj", "{10DB5C03-6A20-47C4-B900-C4564E083A4D}"
EndProject
Project("{FAE04EC0-301F-11D3-BF4B-00C04F79EFBC}") = "Tehtava4", "Tehtava4\Tehtava4.csproj", "{678AC364-DA4D-424D-88D7-278F3A4980F8}"
EndProject
Project("{FAE04EC0-301F-11D3-BF4B-00C04F79EFBC}") = "Harjoitus4-konsoliXML", "Harjoitus4-konsoliXML\Harjoitus4-konsoliXML.csproj", "{E299691E-EB1F-4A0B-B644-2C3645E4D7F4}"
EndProject
Project("{FAE04EC0-301F-11D3-BF4B-00C04F79EFBC}") = "Harjoitus4-WPFXML", "Harjoitus4-WPFXML\Harjoitus4-WPFXML.csproj", "{5C14E83C-7598-4B7B-9A74-0840326388E1}"
EndProject
Project("{FAE04EC0-301F-11D3-BF4B-00C04F79EFBC}") = "Harjoitus-BookShopORM", "Harjoitus-BookShopORM\Harjoitus-BookShopORM.csproj", "{A01399FF-089E-4B56-80AD-A88D24834599}"
EndProject
Project("{FAE04EC0-301F-11D3-BF4B-00C04F79EFBC}") = "Harjoitus10-BookShopEF", "Harjoitus10-BookShopEF\Harjoitus10-BookShopEF.csproj", "{F2EBC591-4835-40E3-9AF8-AC7AF0EE4F33}"
EndProject
Project("{FAE04EC0-301F-11D3-BF4B-00C04F79EFBC}") = "Tehtava5", "Tehtava5\Tehtava5.csproj", "{75127C73-7538-4C21-9432-858DC5691F5E}"
EndProject
Project("{FAE04EC0-301F-11D3-BF4B-00C04F79EFBC}") = "Tehtava6", "Tehtava6\Tehtava6.csproj", "{D115AAFB-1023-4D48-BCDC-43062799F496}"
EndProject
Project("{FAE04EC0-301F-11D3-BF4B-00C04F79EFBC}") = "Tehtava7", "Tehtava7\Tehtava7.csproj", "{72835CBE-93FB-4E14-A9D5-BE9D78473D21}"
EndProject
Project("{FAE04EC0-301F-11D3-BF4B-00C04F79EFBC}") = "Tehtava8", "Tehtava8\Tehtava8.csproj", "{3418A492-0156-439E-B301-E2EEC4211F77}"
EndProject
Project("{FAE04EC0-301F-11D3-BF4B-00C04F79EFBC}") = "Tehtava9", "Tehtava9\Tehtava9.csproj", "{63180091-681D-4E02-B4A3-B2220FFBA291}"
EndProject
Global
	GlobalSection(SolutionConfigurationPlatforms) = preSolution
		Debug|Any CPU = Debug|Any CPU
		Release|Any CPU = Release|Any CPU
	EndGlobalSection
	GlobalSection(ProjectConfigurationPlatforms) = postSolution
		{BBFDB3F8-2232-4C51-A154-1DFFF2E75FE7}.Debug|Any CPU.ActiveCfg = Debug|Any CPU
		{BBFDB3F8-2232-4C51-A154-1DFFF2E75FE7}.Debug|Any CPU.Build.0 = Debug|Any CPU
		{BBFDB3F8-2232-4C51-A154-1DFFF2E75FE7}.Release|Any CPU.ActiveCfg = Release|Any CPU
		{BBFDB3F8-2232-4C51-A154-1DFFF2E75FE7}.Release|Any CPU.Build.0 = Release|Any CPU
		{762E17D3-9B14-43F4-B16E-717AC814704E}.Debug|Any CPU.ActiveCfg = Debug|Any CPU
		{762E17D3-9B14-43F4-B16E-717AC814704E}.Debug|Any CPU.Build.0 = Debug|Any CPU
		{762E17D3-9B14-43F4-B16E-717AC814704E}.Release|Any CPU.ActiveCfg = Release|Any CPU
		{762E17D3-9B14-43F4-B16E-717AC814704E}.Release|Any CPU.Build.0 = Release|Any CPU
		{A0FF08A0-D40E-4650-9866-8559C9E6DB35}.Debug|Any CPU.ActiveCfg = Debug|Any CPU
		{A0FF08A0-D40E-4650-9866-8559C9E6DB35}.Debug|Any CPU.Build.0 = Debug|Any CPU
		{A0FF08A0-D40E-4650-9866-8559C9E6DB35}.Release|Any CPU.ActiveCfg = Release|Any CPU
		{A0FF08A0-D40E-4650-9866-8559C9E6DB35}.Release|Any CPU.Build.0 = Release|Any CPU
		{C7D3F3D7-F835-4678-BA07-FA5D3E561334}.Debug|Any CPU.ActiveCfg = Debug|Any CPU
		{C7D3F3D7-F835-4678-BA07-FA5D3E561334}.Debug|Any CPU.Build.0 = Debug|Any CPU
		{C7D3F3D7-F835-4678-BA07-FA5D3E561334}.Release|Any CPU.ActiveCfg = Release|Any CPU
		{C7D3F3D7-F835-4678-BA07-FA5D3E561334}.Release|Any CPU.Build.0 = Release|Any CPU
		{10DB5C03-6A20-47C4-B900-C4564E083A4D}.Debug|Any CPU.ActiveCfg = Debug|Any CPU
		{10DB5C03-6A20-47C4-B900-C4564E083A4D}.Debug|Any CPU.Build.0 = Debug|Any CPU
		{10DB5C03-6A20-47C4-B900-C4564E083A4D}.Release|Any CPU.ActiveCfg = Release|Any CPU
		{10DB5C03-6A20-47C4-B900-C4564E083A4D}.Release|Any CPU.Build.0 = Release|Any CPU
		{678AC364-DA4D-424D-88D7-278F3A4980F8}.Debug|Any CPU.ActiveCfg = Debug|Any CPU
		{678AC364-DA4D-424D-88D7-278F3A4980F8}.Debug|Any CPU.Build.0 = Debug|Any CPU
		{678AC364-DA4D-424D-88D7-278F3A4980F8}.Release|Any CPU.ActiveCfg = Release|Any CPU
		{678AC364-DA4D-424D-88D7-278F3A4980F8}.Release|Any CPU.Build.0 = Release|Any CPU
		{E299691E-EB1F-4A0B-B644-2C3645E4D7F4}.Debug|Any CPU.ActiveCfg = Debug|Any CPU
		{E299691E-EB1F-4A0B-B644-2C3645E4D7F4}.Debug|Any CPU.Build.0 = Debug|Any CPU
		{E299691E-EB1F-4A0B-B644-2C3645E4D7F4}.Release|Any CPU.ActiveCfg = Release|Any CPU
		{E299691E-EB1F-4A0B-B644-2C3645E4D7F4}.Release|Any CPU.Build.0 = Release|Any CPU
		{5C14E83C-7598-4B7B-9A74-0840326388E1}.Debug|Any CPU.ActiveCfg = Debug|Any CPU
		{5C14E83C-7598-4B7B-9A74-0840326388E1}.Debug|Any CPU.Build.0 = Debug|Any CPU
		{5C14E83C-7598-4B7B-9A74-0840326388E1}.Release|Any CPU.ActiveCfg = Release|Any CPU
		{5C14E83C-7598-4B7B-9A74-0840326388E1}.Release|Any CPU.Build.0 = Release|Any CPU
		{A01399FF-089E-4B56-80AD-A88D24834599}.Debug|Any CPU.ActiveCfg = Debug|Any CPU
		{A01399FF-089E-4B56-80AD-A88D24834599}.Debug|Any CPU.Build.0 = Debug|Any CPU
		{A01399FF-089E-4B56-80AD-A88D24834599}.Release|Any CPU.ActiveCfg = Release|Any CPU
		{A01399FF-089E-4B56-80AD-A88D24834599}.Release|Any CPU.Build.0 = Release|Any CPU
		{F2EBC591-4835-40E3-9AF8-AC7AF0EE4F33}.Debug|Any CPU.ActiveCfg = Debug|Any CPU
		{F2EBC591-4835-40E3-9AF8-AC7AF0EE4F33}.Debug|Any CPU.Build.0 = Debug|Any CPU
		{F2EBC591-4835-40E3-9AF8-AC7AF0EE4F33}.Release|Any CPU.ActiveCfg = Release|Any CPU
		{F2EBC591-4835-40E3-9AF8-AC7AF0EE4F33}.Release|Any CPU.Build.0 = Release|Any CPU
		{75127C73-7538-4C21-9432-858DC5691F5E}.Debug|Any CPU.ActiveCfg = Debug|Any CPU
		{75127C73-7538-4C21-9432-858DC5691F5E}.Debug|Any CPU.Build.0 = Debug|Any CPU
		{75127C73-7538-4C21-9432-858DC5691F5E}.Release|Any CPU.ActiveCfg = Release|Any CPU
		{75127C73-7538-4C21-9432-858DC5691F5E}.Release|Any CPU.Build.0 = Release|Any CPU
		{D115AAFB-1023-4D48-BCDC-43062799F496}.Debug|Any CPU.ActiveCfg = Debug|Any CPU
		{D115AAFB-1023-4D48-BCDC-43062799F496}.Debug|Any CPU.Build.0 = Debug|Any CPU
		{D115AAFB-1023-4D48-BCDC-43062799F496}.Release|Any CPU.ActiveCfg = Release|Any CPU
		{D115AAFB-1023-4D48-BCDC-43062799F496}.Release|Any CPU.Build.0 = Release|Any CPU
		{72835CBE-93FB-4E14-A9D5-BE9D78473D21}.Debug|Any CPU.ActiveCfg = Debug|Any CPU
		{72835CBE-93FB-4E14-A9D5-BE9D78473D21}.Debug|Any CPU.Build.0 = Debug|Any CPU
		{72835CBE-93FB-4E14-A9D5-BE9D78473D21}.Release|Any CPU.ActiveCfg = Release|Any CPU
		{72835CBE-93FB-4E14-A9D5-BE9D78473D21}.Release|Any CPU.Build.0 = Release|Any CPU
		{3418A492-0156-439E-B301-E2EEC4211F77}.Debug|Any CPU.ActiveCfg = Debug|Any CPU
		{3418A492-0156-439E-B301-E2EEC4211F77}.Debug|Any CPU.Build.0 = Debug|Any CPU
		{3418A492-0156-439E-B301-E2EEC4211F77}.Release|Any CPU.ActiveCfg = Release|Any CPU
		{3418A492-0156-439E-B301-E2EEC4211F77}.Release|Any CPU.Build.0 = Release|Any CPU
		{63180091-681D-4E02-B4A3-B2220FFBA291}.Debug|Any CPU.ActiveCfg = Debug|Any CPU
		{63180091-681D-4E02-B4A3-B2220FFBA291}.Debug|Any CPU.Build.0 = Debug|Any CPU
		{63180091-681D-4E02-B4A3-B2220FFBA291}.Release|Any CPU.ActiveCfg = Release|Any CPU
		{63180091-681D-4E02-B4A3-B2220FFBA291}.Release|Any CPU.Build.0 = Release|Any CPU
	EndGlobalSection
	GlobalSection(SolutionProperties) = preSolution
		HideSolutionNode = FALSE
	EndGlobalSection
EndGlobal
